
Microsoft Visual Studio Solution File, Format Version 12.00
# Visual Studio 15
VisualStudioVersion = 15.0.26430.12
MinimumVisualStudioVersion = 10.0.40219.1
Project("{FAE04EC0-301F-11D3-BF4B-00C04F79EFBC}") = "AspCoreETagCacher", "AspCoreETagCacher\AspCoreETagCacher.csproj", "{3659D2E5-F1EA-4126-B9E8-12CC932129A0}"
EndProject
Project("{9A19103F-16F7-4668-BE54-9A1E7A4F7556}") = "SampleWebApp", "SampleWebApp\SampleWebApp.csproj", "{2372F506-17DF-46AE-8DB0-E6D67D2E4D50}"
EndProject
Global
	GlobalSection(SolutionConfigurationPlatforms) = preSolution
		Debug|Any CPU = Debug|Any CPU
		Release|Any CPU = Release|Any CPU
	EndGlobalSection
	GlobalSection(ProjectConfigurationPlatforms) = postSolution
		{3659D2E5-F1EA-4126-B9E8-12CC932129A0}.Debug|Any CPU.ActiveCfg = Debug|Any CPU
		{3659D2E5-F1EA-4126-B9E8-12CC932129A0}.Debug|Any CPU.Build.0 = Debug|Any CPU
		{3659D2E5-F1EA-4126-B9E8-12CC932129A0}.Release|Any CPU.ActiveCfg = Release|Any CPU
		{3659D2E5-F1EA-4126-B9E8-12CC932129A0}.Release|Any CPU.Build.0 = Release|Any CPU
		{2372F506-17DF-46AE-8DB0-E6D67D2E4D50}.Debug|Any CPU.ActiveCfg = Debug|Any CPU
		{2372F506-17DF-46AE-8DB0-E6D67D2E4D50}.Debug|Any CPU.Build.0 = Debug|Any CPU
		{2372F506-17DF-46AE-8DB0-E6D67D2E4D50}.Release|Any CPU.ActiveCfg = Release|Any CPU
		{2372F506-17DF-46AE-8DB0-E6D67D2E4D50}.Release|Any CPU.Build.0 = Release|Any CPU
	EndGlobalSection
	GlobalSection(SolutionProperties) = preSolution
		HideSolutionNode = FALSE
	EndGlobalSection
EndGlobal
